
Microsoft Visual Studio Solution File, Format Version 12.00
# Visual Studio 2012
Project("{FAE04EC0-301F-11D3-BF4B-00C04F79EFBC}") = "BulletUno", "BulletUno.csproj", "{504CD67C-57AE-420A-A82E-21E70910A80B}"
EndProject
Global
	GlobalSection(SolutionConfigurationPlatforms) = preSolution
		Debug|Any CPU = Debug|Any CPU
		Release|Any CPU = Release|Any CPU
	EndGlobalSection
	GlobalSection(ProjectConfigurationPlatforms) = postSolution
		{504CD67C-57AE-420A-A82E-21E70910A80B}.Debug|Any CPU.ActiveCfg = Debug|Any CPU
		{504CD67C-57AE-420A-A82E-21E70910A80B}.Debug|Any CPU.Build.0 = Debug|Any CPU
		{504CD67C-57AE-420A-A82E-21E70910A80B}.Release|Any CPU.ActiveCfg = Release|Any CPU
		{504CD67C-57AE-420A-A82E-21E70910A80B}.Release|Any CPU.Build.0 = Release|Any CPU
	EndGlobalSection
	GlobalSection(SolutionProperties) = preSolution
		HideSolutionNode = FALSE
	EndGlobalSection
EndGlobal
